// !$*UTF8*$!
{
	archiveVersion = 1;
	classes = {
	};
	objectVersion = 54;
	objects = {

/* Begin PBXBuildFile section */
		004267C2E83E45478536ADCF /* Inter SemiBold.ttf in Resources */ = {isa = PBXBuildFile; fileRef = F1A220B29FDD4FDB890D36D2 /* Inter SemiBold.ttf */; };
		00E356F31AD99517003FC87E /* ShuttleX_PassengerTests.m in Sources */ = {isa = PBXBuildFile; fileRef = 00E356F21AD99517003FC87E /* ShuttleX_PassengerTests.m */; };
		10768E09E713418EA0AF55CF /* Inter ExtraLight.ttf in Resources */ = {isa = PBXBuildFile; fileRef = 77203E57B2ED490A9529B6D0 /* Inter ExtraLight.ttf */; };
		13B07FBC1A68108700A75B9A /* AppDelegate.mm in Sources */ = {isa = PBXBuildFile; fileRef = 13B07FB01A68108700A75B9A /* AppDelegate.mm */; };
		13B07FBF1A68108700A75B9A /* Images.xcassets in Resources */ = {isa = PBXBuildFile; fileRef = 13B07FB51A68108700A75B9A /* Images.xcassets */; };
		13B07FC11A68108700A75B9A /* main.m in Sources */ = {isa = PBXBuildFile; fileRef = 13B07FB71A68108700A75B9A /* main.m */; };
		26ACF2213EB041D8AD358EA3 /* Dealerplate California.ttf in Resources */ = {isa = PBXBuildFile; fileRef = 00B77111DE3D41E4822E2BA4 /* Dealerplate California.ttf */; };
		312609149A248F3B839F915A /* Pods_SharedPods_ShuttleX_Passenger.framework in Frameworks */ = {isa = PBXBuildFile; fileRef = 152390E2EE49DEF7E501964D /* Pods_SharedPods_ShuttleX_Passenger.framework */; };
		73FB9756690D4DA393F41D2C /* BootSplash.storyboard in Resources */ = {isa = PBXBuildFile; fileRef = C6EF64B7BE214801A1E90650 /* BootSplash.storyboard */; };
		7469FC60AA60421C87EDD256 /* Inter Black.ttf in Resources */ = {isa = PBXBuildFile; fileRef = 0238A355658E430091BCF313 /* Inter Black.ttf */; };
		755DCDA12C96225300BB9FFE /* AppDelegate.mm in Sources */ = {isa = PBXBuildFile; fileRef = 13B07FB01A68108700A75B9A /* AppDelegate.mm */; };
		755DCDA22C96225300BB9FFE /* main.m in Sources */ = {isa = PBXBuildFile; fileRef = 13B07FB71A68108700A75B9A /* main.m */; };
		755DCDA62C96225300BB9FFE /* Images.xcassets in Resources */ = {isa = PBXBuildFile; fileRef = 13B07FB51A68108700A75B9A /* Images.xcassets */; };
		755DCDA72C96225300BB9FFE /* Inter Black.ttf in Resources */ = {isa = PBXBuildFile; fileRef = 0238A355658E430091BCF313 /* Inter Black.ttf */; };
		755DCDA82C96225300BB9FFE /* Inter Bold.ttf in Resources */ = {isa = PBXBuildFile; fileRef = DDCC4FB4E1F24C2CA91EB3AA /* Inter Bold.ttf */; };
		755DCDA92C96225300BB9FFE /* Inter ExtraBold.ttf in Resources */ = {isa = PBXBuildFile; fileRef = 88064F6FD2EA4E728263976A /* Inter ExtraBold.ttf */; };
		755DCDAA2C96225300BB9FFE /* Inter ExtraLight.ttf in Resources */ = {isa = PBXBuildFile; fileRef = 77203E57B2ED490A9529B6D0 /* Inter ExtraLight.ttf */; };
		755DCDAB2C96225300BB9FFE /* Inter Light.ttf in Resources */ = {isa = PBXBuildFile; fileRef = 2A585410D2AE4D52B9396306 /* Inter Light.ttf */; };
		755DCDAC2C96225300BB9FFE /* Inter Medium.ttf in Resources */ = {isa = PBXBuildFile; fileRef = 1698FE1F4D88432DBC5C6011 /* Inter Medium.ttf */; };
		755DCDAD2C96225300BB9FFE /* Inter Regular.ttf in Resources */ = {isa = PBXBuildFile; fileRef = 4639270B582D43A8A29F6CEC /* Inter Regular.ttf */; };
		755DCDAE2C96225300BB9FFE /* Inter SemiBold.ttf in Resources */ = {isa = PBXBuildFile; fileRef = F1A220B29FDD4FDB890D36D2 /* Inter SemiBold.ttf */; };
		755DCDAF2C96225300BB9FFE /* Inter Thin.ttf in Resources */ = {isa = PBXBuildFile; fileRef = 539E74757C7141D183435DAC /* Inter Thin.ttf */; };
		755DCDB02C96225300BB9FFE /* Dealerplate California.ttf in Resources */ = {isa = PBXBuildFile; fileRef = 00B77111DE3D41E4822E2BA4 /* Dealerplate California.ttf */; };
		755DCDB12C96225300BB9FFE /* BootSplash.storyboard in Resources */ = {isa = PBXBuildFile; fileRef = C6EF64B7BE214801A1E90650 /* BootSplash.storyboard */; };
		82A3BA40C950DFF8C1D269C6 /* Pods_SharedPods_ShuttleX_PassengerTests.framework in Frameworks */ = {isa = PBXBuildFile; fileRef = CBCFB05EDB24470FA5063889 /* Pods_SharedPods_ShuttleX_PassengerTests.framework */; };
		83D28487357C4532AE3F7F66 /* Inter Regular.ttf in Resources */ = {isa = PBXBuildFile; fileRef = 4639270B582D43A8A29F6CEC /* Inter Regular.ttf */; };
		975587764311486B894FF50D /* Inter Thin.ttf in Resources */ = {isa = PBXBuildFile; fileRef = 539E74757C7141D183435DAC /* Inter Thin.ttf */; };
		9FC4D3BD88694807B056CD9E /* Inter Medium.ttf in Resources */ = {isa = PBXBuildFile; fileRef = 1698FE1F4D88432DBC5C6011 /* Inter Medium.ttf */; };
		B2C014FFE84A21A698C0C728 /* Pods_SharedPods_ShuttleX_Passenger_dev.framework in Frameworks */ = {isa = PBXBuildFile; fileRef = 8121C48D6A9B69767D6245B1 /* Pods_SharedPods_ShuttleX_Passenger_dev.framework */; };
		C831B16BA0424505A965D261 /* Inter Bold.ttf in Resources */ = {isa = PBXBuildFile; fileRef = DDCC4FB4E1F24C2CA91EB3AA /* Inter Bold.ttf */; };
		CFBD7E2C2D0CA19F001EC941 /* GoogleService-Info.plist in Resources */ = {isa = PBXBuildFile; fileRef = CFBD7E2B2D0CA19F001EC941 /* GoogleService-Info.plist */; };
		CFBD7E2D2D0CA19F001EC941 /* GoogleService-Info.plist in Resources */ = {isa = PBXBuildFile; fileRef = CFBD7E2B2D0CA19F001EC941 /* GoogleService-Info.plist */; };
		CFBD7E2E2D0CA19F001EC941 /* GoogleService-Info.plist in Resources */ = {isa = PBXBuildFile; fileRef = CFBD7E2B2D0CA19F001EC941 /* GoogleService-Info.plist */; };
		D76677AAD4FC4DEDB3D12152 /* Inter Light.ttf in Resources */ = {isa = PBXBuildFile; fileRef = 2A585410D2AE4D52B9396306 /* Inter Light.ttf */; };
		FC66029DF7B648109AB26BC9 /* Inter ExtraBold.ttf in Resources */ = {isa = PBXBuildFile; fileRef = 88064F6FD2EA4E728263976A /* Inter ExtraBold.ttf */; };
/* End PBXBuildFile section */

/* Begin PBXContainerItemProxy section */
		00E356F41AD99517003FC87E /* PBXContainerItemProxy */ = {
			isa = PBXContainerItemProxy;
			containerPortal = 83CBB9F71A601CBA00E9B192 /* Project object */;
			proxyType = 1;
			remoteGlobalIDString = 13B07F861A680F5B00A75B9A;
			remoteInfo = ShuttleX_Passenger;
		};
/* End PBXContainerItemProxy section */

/* Begin PBXFileReference section */
		00B77111DE3D41E4822E2BA4 /* Dealerplate California.ttf */ = {isa = PBXFileReference; explicitFileType = undefined; fileEncoding = 9; includeInIndex = 0; lastKnownFileType = unknown; name = "Dealerplate California.ttf"; path = "../node_modules/shuttlex-integration/src/assets/fonts/Dealerplate California.ttf"; sourceTree = "<group>"; };
		00E356EE1AD99517003FC87E /* ShuttleX_PassengerTests.xctest */ = {isa = PBXFileReference; explicitFileType = wrapper.cfbundle; includeInIndex = 0; path = ShuttleX_PassengerTests.xctest; sourceTree = BUILT_PRODUCTS_DIR; };
		00E356F11AD99517003FC87E /* Info.plist */ = {isa = PBXFileReference; lastKnownFileType = text.plist.xml; path = Info.plist; sourceTree = "<group>"; };
		00E356F21AD99517003FC87E /* ShuttleX_PassengerTests.m */ = {isa = PBXFileReference; lastKnownFileType = sourcecode.c.objc; path = ShuttleX_PassengerTests.m; sourceTree = "<group>"; };
		0238A355658E430091BCF313 /* Inter Black.ttf */ = {isa = PBXFileReference; explicitFileType = undefined; fileEncoding = 9; includeInIndex = 0; lastKnownFileType = unknown; name = "Inter Black.ttf"; path = "../node_modules/shuttlex-integration/src/assets/fonts/Inter Black.ttf"; sourceTree = "<group>"; };
		0B0FB8CAA46A7BBB5CE7F205 /* Pods-SharedPods-ShuttleX_Passenger.debug.xcconfig */ = {isa = PBXFileReference; includeInIndex = 1; lastKnownFileType = text.xcconfig; name = "Pods-SharedPods-ShuttleX_Passenger.debug.xcconfig"; path = "Target Support Files/Pods-SharedPods-ShuttleX_Passenger/Pods-SharedPods-ShuttleX_Passenger.debug.xcconfig"; sourceTree = "<group>"; };
		13B07F961A680F5B00A75B9A /* ShuttleX_Passenger.app */ = {isa = PBXFileReference; explicitFileType = wrapper.application; includeInIndex = 0; path = ShuttleX_Passenger.app; sourceTree = BUILT_PRODUCTS_DIR; };
		13B07FAF1A68108700A75B9A /* AppDelegate.h */ = {isa = PBXFileReference; fileEncoding = 4; lastKnownFileType = sourcecode.c.h; name = AppDelegate.h; path = ShuttleX_Passenger/AppDelegate.h; sourceTree = "<group>"; };
		13B07FB01A68108700A75B9A /* AppDelegate.mm */ = {isa = PBXFileReference; fileEncoding = 4; lastKnownFileType = sourcecode.cpp.objcpp; name = AppDelegate.mm; path = ShuttleX_Passenger/AppDelegate.mm; sourceTree = "<group>"; };
		13B07FB51A68108700A75B9A /* Images.xcassets */ = {isa = PBXFileReference; lastKnownFileType = folder.assetcatalog; name = Images.xcassets; path = ShuttleX_Passenger/Images.xcassets; sourceTree = "<group>"; };
		13B07FB61A68108700A75B9A /* Info.plist */ = {isa = PBXFileReference; fileEncoding = 4; lastKnownFileType = text.plist.xml; name = Info.plist; path = ShuttleX_Passenger/Info.plist; sourceTree = "<group>"; };
		13B07FB71A68108700A75B9A /* main.m */ = {isa = PBXFileReference; fileEncoding = 4; lastKnownFileType = sourcecode.c.objc; name = main.m; path = ShuttleX_Passenger/main.m; sourceTree = "<group>"; };
		152390E2EE49DEF7E501964D /* Pods_SharedPods_ShuttleX_Passenger.framework */ = {isa = PBXFileReference; explicitFileType = wrapper.framework; includeInIndex = 0; path = Pods_SharedPods_ShuttleX_Passenger.framework; sourceTree = BUILT_PRODUCTS_DIR; };
		1698FE1F4D88432DBC5C6011 /* Inter Medium.ttf */ = {isa = PBXFileReference; explicitFileType = undefined; fileEncoding = 9; includeInIndex = 0; lastKnownFileType = unknown; name = "Inter Medium.ttf"; path = "../node_modules/shuttlex-integration/src/assets/fonts/Inter Medium.ttf"; sourceTree = "<group>"; };
		2A585410D2AE4D52B9396306 /* Inter Light.ttf */ = {isa = PBXFileReference; explicitFileType = undefined; fileEncoding = 9; includeInIndex = 0; lastKnownFileType = unknown; name = "Inter Light.ttf"; path = "../node_modules/shuttlex-integration/src/assets/fonts/Inter Light.ttf"; sourceTree = "<group>"; };
		2D193525621DF9E911DAC4FA /* Pods-ShuttleX_Passenger-ShuttleX_PassengerTests.release.xcconfig */ = {isa = PBXFileReference; includeInIndex = 1; lastKnownFileType = text.xcconfig; name = "Pods-ShuttleX_Passenger-ShuttleX_PassengerTests.release.xcconfig"; path = "Target Support Files/Pods-ShuttleX_Passenger-ShuttleX_PassengerTests/Pods-ShuttleX_Passenger-ShuttleX_PassengerTests.release.xcconfig"; sourceTree = "<group>"; };
		3B211F27C1CEE571B98B1CA5 /* Pods-SharePods-ShuttleX_Passenger.debug.xcconfig */ = {isa = PBXFileReference; includeInIndex = 1; lastKnownFileType = text.xcconfig; name = "Pods-SharePods-ShuttleX_Passenger.debug.xcconfig"; path = "Target Support Files/Pods-SharePods-ShuttleX_Passenger/Pods-SharePods-ShuttleX_Passenger.debug.xcconfig"; sourceTree = "<group>"; };
		3C9B5FA1497AA341BB1091E3 /* Pods-ShuttleX_Passenger.debug.xcconfig */ = {isa = PBXFileReference; includeInIndex = 1; lastKnownFileType = text.xcconfig; name = "Pods-ShuttleX_Passenger.debug.xcconfig"; path = "Target Support Files/Pods-ShuttleX_Passenger/Pods-ShuttleX_Passenger.debug.xcconfig"; sourceTree = "<group>"; };
		3F9D08D4DE7DBC75DAB643FB /* Pods-SharePods-ShuttleX_PassengerTests.release.xcconfig */ = {isa = PBXFileReference; includeInIndex = 1; lastKnownFileType = text.xcconfig; name = "Pods-SharePods-ShuttleX_PassengerTests.release.xcconfig"; path = "Target Support Files/Pods-SharePods-ShuttleX_PassengerTests/Pods-SharePods-ShuttleX_PassengerTests.release.xcconfig"; sourceTree = "<group>"; };
		461F5E57531A781F7DD732A0 /* Pods-SharePods-ShuttleX_PassengerTests.debug.xcconfig */ = {isa = PBXFileReference; includeInIndex = 1; lastKnownFileType = text.xcconfig; name = "Pods-SharePods-ShuttleX_PassengerTests.debug.xcconfig"; path = "Target Support Files/Pods-SharePods-ShuttleX_PassengerTests/Pods-SharePods-ShuttleX_PassengerTests.debug.xcconfig"; sourceTree = "<group>"; };
		4639270B582D43A8A29F6CEC /* Inter Regular.ttf */ = {isa = PBXFileReference; explicitFileType = undefined; fileEncoding = 9; includeInIndex = 0; lastKnownFileType = unknown; name = "Inter Regular.ttf"; path = "../node_modules/shuttlex-integration/src/assets/fonts/Inter Regular.ttf"; sourceTree = "<group>"; };
		539E74757C7141D183435DAC /* Inter Thin.ttf */ = {isa = PBXFileReference; explicitFileType = undefined; fileEncoding = 9; includeInIndex = 0; lastKnownFileType = unknown; name = "Inter Thin.ttf"; path = "../node_modules/shuttlex-integration/src/assets/fonts/Inter Thin.ttf"; sourceTree = "<group>"; };
		573B0D619F2E7FB9CEF21A35 /* Pods-SharePods-ShuttleX_Passenger.release.xcconfig */ = {isa = PBXFileReference; includeInIndex = 1; lastKnownFileType = text.xcconfig; name = "Pods-SharePods-ShuttleX_Passenger.release.xcconfig"; path = "Target Support Files/Pods-SharePods-ShuttleX_Passenger/Pods-SharePods-ShuttleX_Passenger.release.xcconfig"; sourceTree = "<group>"; };
		57F57A162F4BED116AEAA32E /* Pods-ShuttleX_Passenger.release.xcconfig */ = {isa = PBXFileReference; includeInIndex = 1; lastKnownFileType = text.xcconfig; name = "Pods-ShuttleX_Passenger.release.xcconfig"; path = "Target Support Files/Pods-ShuttleX_Passenger/Pods-ShuttleX_Passenger.release.xcconfig"; sourceTree = "<group>"; };
		755DCDB82C96225300BB9FFE /* ShuttleX_Passenger_dev.app */ = {isa = PBXFileReference; explicitFileType = wrapper.application; includeInIndex = 0; path = ShuttleX_Passenger_dev.app; sourceTree = BUILT_PRODUCTS_DIR; };
		755DCDB92C96225300BB9FFE /* ShuttleX_Passenger_dev.plist */ = {isa = PBXFileReference; lastKnownFileType = text.plist.xml; name = ShuttleX_Passenger_dev.plist; path = /Users/nikolab131/Documents/Work/NewShuttleX/ShuttleX.FE.Passenger.v2/ios/ShuttleX_Passenger_dev.plist; sourceTree = "<absolute>"; };
		77203E57B2ED490A9529B6D0 /* Inter ExtraLight.ttf */ = {isa = PBXFileReference; explicitFileType = undefined; fileEncoding = 9; includeInIndex = 0; lastKnownFileType = unknown; name = "Inter ExtraLight.ttf"; path = "../node_modules/shuttlex-integration/src/assets/fonts/Inter ExtraLight.ttf"; sourceTree = "<group>"; };
		8121C48D6A9B69767D6245B1 /* Pods_SharedPods_ShuttleX_Passenger_dev.framework */ = {isa = PBXFileReference; explicitFileType = wrapper.framework; includeInIndex = 0; path = Pods_SharedPods_ShuttleX_Passenger_dev.framework; sourceTree = BUILT_PRODUCTS_DIR; };
		88064F6FD2EA4E728263976A /* Inter ExtraBold.ttf */ = {isa = PBXFileReference; explicitFileType = undefined; fileEncoding = 9; includeInIndex = 0; lastKnownFileType = unknown; name = "Inter ExtraBold.ttf"; path = "../node_modules/shuttlex-integration/src/assets/fonts/Inter ExtraBold.ttf"; sourceTree = "<group>"; };
		9F4E5B6A2D72780440632B2D /* Pods-SharedPods-ShuttleX_PassengerTests.release.xcconfig */ = {isa = PBXFileReference; includeInIndex = 1; lastKnownFileType = text.xcconfig; name = "Pods-SharedPods-ShuttleX_PassengerTests.release.xcconfig"; path = "Target Support Files/Pods-SharedPods-ShuttleX_PassengerTests/Pods-SharedPods-ShuttleX_PassengerTests.release.xcconfig"; sourceTree = "<group>"; };
		A05405DB405A792E4D57A2BC /* Pods-SharedPods-ShuttleX_Passenger_dev.debug.xcconfig */ = {isa = PBXFileReference; includeInIndex = 1; lastKnownFileType = text.xcconfig; name = "Pods-SharedPods-ShuttleX_Passenger_dev.debug.xcconfig"; path = "Target Support Files/Pods-SharedPods-ShuttleX_Passenger_dev/Pods-SharedPods-ShuttleX_Passenger_dev.debug.xcconfig"; sourceTree = "<group>"; };
		A7C2C0515B33B06838966F5A /* Pods-SharedPods-ShuttleX_Passenger_dev.release.xcconfig */ = {isa = PBXFileReference; includeInIndex = 1; lastKnownFileType = text.xcconfig; name = "Pods-SharedPods-ShuttleX_Passenger_dev.release.xcconfig"; path = "Target Support Files/Pods-SharedPods-ShuttleX_Passenger_dev/Pods-SharedPods-ShuttleX_Passenger_dev.release.xcconfig"; sourceTree = "<group>"; };
		B2A70D071A124EE1E694C3A9 /* Pods-SharePods-ShuttleX_Passenger_dev.debug.xcconfig */ = {isa = PBXFileReference; includeInIndex = 1; lastKnownFileType = text.xcconfig; name = "Pods-SharePods-ShuttleX_Passenger_dev.debug.xcconfig"; path = "Target Support Files/Pods-SharePods-ShuttleX_Passenger_dev/Pods-SharePods-ShuttleX_Passenger_dev.debug.xcconfig"; sourceTree = "<group>"; };
		B4833ED3C54AD4D6492F4751 /* Pods-ShuttleX_Passenger-ShuttleX_PassengerTests.debug.xcconfig */ = {isa = PBXFileReference; includeInIndex = 1; lastKnownFileType = text.xcconfig; name = "Pods-ShuttleX_Passenger-ShuttleX_PassengerTests.debug.xcconfig"; path = "Target Support Files/Pods-ShuttleX_Passenger-ShuttleX_PassengerTests/Pods-ShuttleX_Passenger-ShuttleX_PassengerTests.debug.xcconfig"; sourceTree = "<group>"; };
		C6EF64B7BE214801A1E90650 /* BootSplash.storyboard */ = {isa = PBXFileReference; explicitFileType = undefined; fileEncoding = 9; includeInIndex = 0; lastKnownFileType = unknown; name = BootSplash.storyboard; path = ShuttleX_Passenger/BootSplash.storyboard; sourceTree = "<group>"; };
		C73DA53E1AF1049EA84D6F6C /* Pods-SharedPods-ShuttleX_Passenger.release.xcconfig */ = {isa = PBXFileReference; includeInIndex = 1; lastKnownFileType = text.xcconfig; name = "Pods-SharedPods-ShuttleX_Passenger.release.xcconfig"; path = "Target Support Files/Pods-SharedPods-ShuttleX_Passenger/Pods-SharedPods-ShuttleX_Passenger.release.xcconfig"; sourceTree = "<group>"; };
		CBCFB05EDB24470FA5063889 /* Pods_SharedPods_ShuttleX_PassengerTests.framework */ = {isa = PBXFileReference; explicitFileType = wrapper.framework; includeInIndex = 0; path = Pods_SharedPods_ShuttleX_PassengerTests.framework; sourceTree = BUILT_PRODUCTS_DIR; };
		CF7F95BF2D0D9B0600FD07BC /* ShuttleX_Passenger_dev.entitlements */ = {isa = PBXFileReference; lastKnownFileType = text.plist.entitlements; path = ShuttleX_Passenger_dev.entitlements; sourceTree = "<group>"; };
		CF84BE642D03265A006D7B4E /* ShuttleX_Passenger.entitlements */ = {isa = PBXFileReference; lastKnownFileType = text.plist.entitlements; name = ShuttleX_Passenger.entitlements; path = ShuttleX_Passenger/ShuttleX_Passenger.entitlements; sourceTree = "<group>"; };
		CFBD7E2B2D0CA19F001EC941 /* GoogleService-Info.plist */ = {isa = PBXFileReference; lastKnownFileType = text.plist.xml; path = "GoogleService-Info.plist"; sourceTree = "<group>"; };
		DDCC4FB4E1F24C2CA91EB3AA /* Inter Bold.ttf */ = {isa = PBXFileReference; explicitFileType = undefined; fileEncoding = 9; includeInIndex = 0; lastKnownFileType = unknown; name = "Inter Bold.ttf"; path = "../node_modules/shuttlex-integration/src/assets/fonts/Inter Bold.ttf"; sourceTree = "<group>"; };
		E8D65E8F741D48DE287B75A5 /* Pods-SharePods-ShuttleX_Passenger_dev.release.xcconfig */ = {isa = PBXFileReference; includeInIndex = 1; lastKnownFileType = text.xcconfig; name = "Pods-SharePods-ShuttleX_Passenger_dev.release.xcconfig"; path = "Target Support Files/Pods-SharePods-ShuttleX_Passenger_dev/Pods-SharePods-ShuttleX_Passenger_dev.release.xcconfig"; sourceTree = "<group>"; };
		ED297162215061F000B7C4FE /* JavaScriptCore.framework */ = {isa = PBXFileReference; lastKnownFileType = wrapper.framework; name = JavaScriptCore.framework; path = System/Library/Frameworks/JavaScriptCore.framework; sourceTree = SDKROOT; };
		F1A220B29FDD4FDB890D36D2 /* Inter SemiBold.ttf */ = {isa = PBXFileReference; explicitFileType = undefined; fileEncoding = 9; includeInIndex = 0; lastKnownFileType = unknown; name = "Inter SemiBold.ttf"; path = "../node_modules/shuttlex-integration/src/assets/fonts/Inter SemiBold.ttf"; sourceTree = "<group>"; };
		F85BD9E1A71C631EE9339C42 /* Pods-SharedPods-ShuttleX_PassengerTests.debug.xcconfig */ = {isa = PBXFileReference; includeInIndex = 1; lastKnownFileType = text.xcconfig; name = "Pods-SharedPods-ShuttleX_PassengerTests.debug.xcconfig"; path = "Target Support Files/Pods-SharedPods-ShuttleX_PassengerTests/Pods-SharedPods-ShuttleX_PassengerTests.debug.xcconfig"; sourceTree = "<group>"; };
/* End PBXFileReference section */

/* Begin PBXFrameworksBuildPhase section */
		00E356EB1AD99517003FC87E /* Frameworks */ = {
			isa = PBXFrameworksBuildPhase;
			buildActionMask = 2147483647;
			files = (
				82A3BA40C950DFF8C1D269C6 /* Pods_SharedPods_ShuttleX_PassengerTests.framework in Frameworks */,
			);
			runOnlyForDeploymentPostprocessing = 0;
		};
		13B07F8C1A680F5B00A75B9A /* Frameworks */ = {
			isa = PBXFrameworksBuildPhase;
			buildActionMask = 2147483647;
			files = (
				312609149A248F3B839F915A /* Pods_SharedPods_ShuttleX_Passenger.framework in Frameworks */,
			);
			runOnlyForDeploymentPostprocessing = 0;
		};
		755DCDA32C96225300BB9FFE /* Frameworks */ = {
			isa = PBXFrameworksBuildPhase;
			buildActionMask = 2147483647;
			files = (
				B2C014FFE84A21A698C0C728 /* Pods_SharedPods_ShuttleX_Passenger_dev.framework in Frameworks */,
			);
			runOnlyForDeploymentPostprocessing = 0;
		};
/* End PBXFrameworksBuildPhase section */

/* Begin PBXGroup section */
		00E356EF1AD99517003FC87E /* ShuttleX_PassengerTests */ = {
			isa = PBXGroup;
			children = (
				00E356F21AD99517003FC87E /* ShuttleX_PassengerTests.m */,
				00E356F01AD99517003FC87E /* Supporting Files */,
			);
			path = ShuttleX_PassengerTests;
			sourceTree = "<group>";
		};
		00E356F01AD99517003FC87E /* Supporting Files */ = {
			isa = PBXGroup;
			children = (
				00E356F11AD99517003FC87E /* Info.plist */,
			);
			name = "Supporting Files";
			sourceTree = "<group>";
		};
		13B07FAE1A68108700A75B9A /* ShuttleX_Passenger */ = {
			isa = PBXGroup;
			children = (
				CF84BE642D03265A006D7B4E /* ShuttleX_Passenger.entitlements */,
				13B07FAF1A68108700A75B9A /* AppDelegate.h */,
				13B07FB01A68108700A75B9A /* AppDelegate.mm */,
				13B07FB51A68108700A75B9A /* Images.xcassets */,
				13B07FB61A68108700A75B9A /* Info.plist */,
				13B07FB71A68108700A75B9A /* main.m */,
				C6EF64B7BE214801A1E90650 /* BootSplash.storyboard */,
				CFBD7E2B2D0CA19F001EC941 /* GoogleService-Info.plist */,
			);
			name = ShuttleX_Passenger;
			sourceTree = "<group>";
		};
		29325FF520D9453B9E3F7499 /* Resources */ = {
			isa = PBXGroup;
			children = (
				0238A355658E430091BCF313 /* Inter Black.ttf */,
				DDCC4FB4E1F24C2CA91EB3AA /* Inter Bold.ttf */,
				88064F6FD2EA4E728263976A /* Inter ExtraBold.ttf */,
				77203E57B2ED490A9529B6D0 /* Inter ExtraLight.ttf */,
				2A585410D2AE4D52B9396306 /* Inter Light.ttf */,
				1698FE1F4D88432DBC5C6011 /* Inter Medium.ttf */,
				4639270B582D43A8A29F6CEC /* Inter Regular.ttf */,
				F1A220B29FDD4FDB890D36D2 /* Inter SemiBold.ttf */,
				539E74757C7141D183435DAC /* Inter Thin.ttf */,
				00B77111DE3D41E4822E2BA4 /* Dealerplate California.ttf */,
			);
			name = Resources;
			sourceTree = "<group>";
		};
		2D16E6871FA4F8E400B85C8A /* Frameworks */ = {
			isa = PBXGroup;
			children = (
				ED297162215061F000B7C4FE /* JavaScriptCore.framework */,
				152390E2EE49DEF7E501964D /* Pods_SharedPods_ShuttleX_Passenger.framework */,
				CBCFB05EDB24470FA5063889 /* Pods_SharedPods_ShuttleX_PassengerTests.framework */,
				8121C48D6A9B69767D6245B1 /* Pods_SharedPods_ShuttleX_Passenger_dev.framework */,
			);
			name = Frameworks;
			sourceTree = "<group>";
		};
		832341AE1AAA6A7D00B99B32 /* Libraries */ = {
			isa = PBXGroup;
			children = (
			);
			name = Libraries;
			sourceTree = "<group>";
		};
		83CBB9F61A601CBA00E9B192 = {
			isa = PBXGroup;
			children = (
				CF7F95BF2D0D9B0600FD07BC /* ShuttleX_Passenger_dev.entitlements */,
				755DCDB92C96225300BB9FFE /* ShuttleX_Passenger_dev.plist */,
				13B07FAE1A68108700A75B9A /* ShuttleX_Passenger */,
				832341AE1AAA6A7D00B99B32 /* Libraries */,
				00E356EF1AD99517003FC87E /* ShuttleX_PassengerTests */,
				83CBBA001A601CBA00E9B192 /* Products */,
				2D16E6871FA4F8E400B85C8A /* Frameworks */,
				BBD78D7AC51CEA395F1C20DB /* Pods */,
				29325FF520D9453B9E3F7499 /* Resources */,
			);
			indentWidth = 2;
			sourceTree = "<group>";
			tabWidth = 2;
			usesTabs = 0;
		};
		83CBBA001A601CBA00E9B192 /* Products */ = {
			isa = PBXGroup;
			children = (
				13B07F961A680F5B00A75B9A /* ShuttleX_Passenger.app */,
				00E356EE1AD99517003FC87E /* ShuttleX_PassengerTests.xctest */,
				755DCDB82C96225300BB9FFE /* ShuttleX_Passenger_dev.app */,
			);
			name = Products;
			sourceTree = "<group>";
		};
		BBD78D7AC51CEA395F1C20DB /* Pods */ = {
			isa = PBXGroup;
			children = (
				3C9B5FA1497AA341BB1091E3 /* Pods-ShuttleX_Passenger.debug.xcconfig */,
				57F57A162F4BED116AEAA32E /* Pods-ShuttleX_Passenger.release.xcconfig */,
				B4833ED3C54AD4D6492F4751 /* Pods-ShuttleX_Passenger-ShuttleX_PassengerTests.debug.xcconfig */,
				2D193525621DF9E911DAC4FA /* Pods-ShuttleX_Passenger-ShuttleX_PassengerTests.release.xcconfig */,
				3B211F27C1CEE571B98B1CA5 /* Pods-SharePods-ShuttleX_Passenger.debug.xcconfig */,
				573B0D619F2E7FB9CEF21A35 /* Pods-SharePods-ShuttleX_Passenger.release.xcconfig */,
				461F5E57531A781F7DD732A0 /* Pods-SharePods-ShuttleX_PassengerTests.debug.xcconfig */,
				3F9D08D4DE7DBC75DAB643FB /* Pods-SharePods-ShuttleX_PassengerTests.release.xcconfig */,
				B2A70D071A124EE1E694C3A9 /* Pods-SharePods-ShuttleX_Passenger_dev.debug.xcconfig */,
				E8D65E8F741D48DE287B75A5 /* Pods-SharePods-ShuttleX_Passenger_dev.release.xcconfig */,
				0B0FB8CAA46A7BBB5CE7F205 /* Pods-SharedPods-ShuttleX_Passenger.debug.xcconfig */,
				C73DA53E1AF1049EA84D6F6C /* Pods-SharedPods-ShuttleX_Passenger.release.xcconfig */,
				F85BD9E1A71C631EE9339C42 /* Pods-SharedPods-ShuttleX_PassengerTests.debug.xcconfig */,
				9F4E5B6A2D72780440632B2D /* Pods-SharedPods-ShuttleX_PassengerTests.release.xcconfig */,
				A05405DB405A792E4D57A2BC /* Pods-SharedPods-ShuttleX_Passenger_dev.debug.xcconfig */,
				A7C2C0515B33B06838966F5A /* Pods-SharedPods-ShuttleX_Passenger_dev.release.xcconfig */,
			);
			path = Pods;
			sourceTree = "<group>";
		};
/* End PBXGroup section */

/* Begin PBXNativeTarget section */
		00E356ED1AD99517003FC87E /* ShuttleX_PassengerTests */ = {
			isa = PBXNativeTarget;
			buildConfigurationList = 00E357021AD99517003FC87E /* Build configuration list for PBXNativeTarget "ShuttleX_PassengerTests" */;
			buildPhases = (
				381148DE4F45FC36284D1FC6 /* [CP] Check Pods Manifest.lock */,
				00E356EA1AD99517003FC87E /* Sources */,
				00E356EB1AD99517003FC87E /* Frameworks */,
				00E356EC1AD99517003FC87E /* Resources */,
				D39091DCBD00F218B09AEA63 /* [CP] Embed Pods Frameworks */,
				722705DB74CF1DA72B8257DF /* [CP] Copy Pods Resources */,
			);
			buildRules = (
			);
			dependencies = (
				00E356F51AD99517003FC87E /* PBXTargetDependency */,
			);
			name = ShuttleX_PassengerTests;
			productName = ShuttleX_PassengerTests;
			productReference = 00E356EE1AD99517003FC87E /* ShuttleX_PassengerTests.xctest */;
			productType = "com.apple.product-type.bundle.unit-test";
		};
		13B07F861A680F5B00A75B9A /* ShuttleX_Passenger */ = {
			isa = PBXNativeTarget;
			buildConfigurationList = 13B07F931A680F5B00A75B9A /* Build configuration list for PBXNativeTarget "ShuttleX_Passenger" */;
			buildPhases = (
				7CD8F4709E423EE1F25E5F38 /* [CP] Check Pods Manifest.lock */,
				FD10A7F022414F080027D42C /* Start Packager */,
				13B07F871A680F5B00A75B9A /* Sources */,
				13B07F8C1A680F5B00A75B9A /* Frameworks */,
				13B07F8E1A680F5B00A75B9A /* Resources */,
				00DD1BFF1BD5951E006B06BC /* Bundle React Native code and images */,
				92EB3A19E25018DC58BC4601 /* [CP] Embed Pods Frameworks */,
				3B1311EDB93A09EBC51BBAD9 /* [CP] Copy Pods Resources */,
				F845C03317C046E790B4E639 /* Upload Debug Symbols to Sentry */,
			);
			buildRules = (
			);
			dependencies = (
			);
			name = ShuttleX_Passenger;
			productName = ShuttleX_Passenger;
			productReference = 13B07F961A680F5B00A75B9A /* ShuttleX_Passenger.app */;
			productType = "com.apple.product-type.application";
		};
		755DCD9D2C96225300BB9FFE /* ShuttleX_Passenger_dev */ = {
			isa = PBXNativeTarget;
			buildConfigurationList = 755DCDB52C96225300BB9FFE /* Build configuration list for PBXNativeTarget "ShuttleX_Passenger_dev" */;
			buildPhases = (
				755DCD9E2C96225300BB9FFE /* [CP] Check Pods Manifest.lock */,
				755DCD9F2C96225300BB9FFE /* Start Packager */,
				755DCDA02C96225300BB9FFE /* Sources */,
				755DCDA32C96225300BB9FFE /* Frameworks */,
				755DCDA52C96225300BB9FFE /* Resources */,
				755DCDB22C96225300BB9FFE /* Bundle React Native code and images */,
				755DCDB32C96225300BB9FFE /* [CP] Embed Pods Frameworks */,
				755DCDB42C96225300BB9FFE /* [CP] Copy Pods Resources */,
				75B2C3572D29D01D00FCF397 /* Upload Debug Symbols to Sentry */,
			);
			buildRules = (
			);
			dependencies = (
			);
			name = ShuttleX_Passenger_dev;
			productName = ShuttleX_Passenger;
			productReference = 755DCDB82C96225300BB9FFE /* ShuttleX_Passenger_dev.app */;
			productType = "com.apple.product-type.application";
		};
/* End PBXNativeTarget section */

/* Begin PBXProject section */
		83CBB9F71A601CBA00E9B192 /* Project object */ = {
			isa = PBXProject;
			attributes = {
				LastUpgradeCheck = 1210;
				TargetAttributes = {
					00E356ED1AD99517003FC87E = {
						CreatedOnToolsVersion = 6.2;
						TestTargetID = 13B07F861A680F5B00A75B9A;
					};
					13B07F861A680F5B00A75B9A = {
						LastSwiftMigration = 1120;
					};
				};
			};
			buildConfigurationList = 83CBB9FA1A601CBA00E9B192 /* Build configuration list for PBXProject "ShuttleX_Passenger" */;
			compatibilityVersion = "Xcode 12.0";
			developmentRegion = en;
			hasScannedForEncodings = 0;
			knownRegions = (
				en,
				Base,
			);
			mainGroup = 83CBB9F61A601CBA00E9B192;
			productRefGroup = 83CBBA001A601CBA00E9B192 /* Products */;
			projectDirPath = "";
			projectRoot = "";
			targets = (
				13B07F861A680F5B00A75B9A /* ShuttleX_Passenger */,
				755DCD9D2C96225300BB9FFE /* ShuttleX_Passenger_dev */,
				00E356ED1AD99517003FC87E /* ShuttleX_PassengerTests */,
			);
		};
/* End PBXProject section */

/* Begin PBXResourcesBuildPhase section */
		00E356EC1AD99517003FC87E /* Resources */ = {
			isa = PBXResourcesBuildPhase;
			buildActionMask = 2147483647;
			files = (
				CFBD7E2E2D0CA19F001EC941 /* GoogleService-Info.plist in Resources */,
			);
			runOnlyForDeploymentPostprocessing = 0;
		};
		13B07F8E1A680F5B00A75B9A /* Resources */ = {
			isa = PBXResourcesBuildPhase;
			buildActionMask = 2147483647;
			files = (
				CFBD7E2D2D0CA19F001EC941 /* GoogleService-Info.plist in Resources */,
				13B07FBF1A68108700A75B9A /* Images.xcassets in Resources */,
				7469FC60AA60421C87EDD256 /* Inter Black.ttf in Resources */,
				C831B16BA0424505A965D261 /* Inter Bold.ttf in Resources */,
				FC66029DF7B648109AB26BC9 /* Inter ExtraBold.ttf in Resources */,
				10768E09E713418EA0AF55CF /* Inter ExtraLight.ttf in Resources */,
				D76677AAD4FC4DEDB3D12152 /* Inter Light.ttf in Resources */,
				9FC4D3BD88694807B056CD9E /* Inter Medium.ttf in Resources */,
				83D28487357C4532AE3F7F66 /* Inter Regular.ttf in Resources */,
				004267C2E83E45478536ADCF /* Inter SemiBold.ttf in Resources */,
				975587764311486B894FF50D /* Inter Thin.ttf in Resources */,
				26ACF2213EB041D8AD358EA3 /* Dealerplate California.ttf in Resources */,
				73FB9756690D4DA393F41D2C /* BootSplash.storyboard in Resources */,
			);
			runOnlyForDeploymentPostprocessing = 0;
		};
		755DCDA52C96225300BB9FFE /* Resources */ = {
			isa = PBXResourcesBuildPhase;
			buildActionMask = 2147483647;
			files = (
				CFBD7E2C2D0CA19F001EC941 /* GoogleService-Info.plist in Resources */,
				755DCDA62C96225300BB9FFE /* Images.xcassets in Resources */,
				755DCDA72C96225300BB9FFE /* Inter Black.ttf in Resources */,
				755DCDA82C96225300BB9FFE /* Inter Bold.ttf in Resources */,
				755DCDA92C96225300BB9FFE /* Inter ExtraBold.ttf in Resources */,
				755DCDAA2C96225300BB9FFE /* Inter ExtraLight.ttf in Resources */,
				755DCDAB2C96225300BB9FFE /* Inter Light.ttf in Resources */,
				755DCDAC2C96225300BB9FFE /* Inter Medium.ttf in Resources */,
				755DCDAD2C96225300BB9FFE /* Inter Regular.ttf in Resources */,
				755DCDAE2C96225300BB9FFE /* Inter SemiBold.ttf in Resources */,
				755DCDAF2C96225300BB9FFE /* Inter Thin.ttf in Resources */,
				755DCDB02C96225300BB9FFE /* Dealerplate California.ttf in Resources */,
				755DCDB12C96225300BB9FFE /* BootSplash.storyboard in Resources */,
			);
			runOnlyForDeploymentPostprocessing = 0;
		};
/* End PBXResourcesBuildPhase section */

/* Begin PBXShellScriptBuildPhase section */
		00DD1BFF1BD5951E006B06BC /* Bundle React Native code and images */ = {
			isa = PBXShellScriptBuildPhase;
			buildActionMask = 2147483647;
			files = (
			);
			inputPaths = (
				"$(SRCROOT)/.xcode.env.local",
				"$(SRCROOT)/.xcode.env",
			);
			name = "Bundle React Native code and images";
			outputPaths = (
			);
			runOnlyForDeploymentPostprocessing = 0;
			shellPath = /bin/sh;
			shellScript = "set -e\n\nWITH_ENVIRONMENT=\"../node_modules/react-native/scripts/xcode/with-environment.sh\"\nREACT_NATIVE_XCODE=\"../node_modules/react-native/scripts/react-native-xcode.sh\"\n\n/bin/sh -c \"$WITH_ENVIRONMENT \\\"/bin/sh ../node_modules/@sentry/react-native/scripts/sentry-xcode.sh $REACT_NATIVE_XCODE\\\"\"\n";
		};
		381148DE4F45FC36284D1FC6 /* [CP] Check Pods Manifest.lock */ = {
			isa = PBXShellScriptBuildPhase;
			buildActionMask = 2147483647;
			files = (
			);
			inputFileListPaths = (
			);
			inputPaths = (
				"${PODS_PODFILE_DIR_PATH}/Podfile.lock",
				"${PODS_ROOT}/Manifest.lock",
			);
			name = "[CP] Check Pods Manifest.lock";
			outputFileListPaths = (
			);
			outputPaths = (
				"$(DERIVED_FILE_DIR)/Pods-SharedPods-ShuttleX_PassengerTests-checkManifestLockResult.txt",
			);
			runOnlyForDeploymentPostprocessing = 0;
			shellPath = /bin/sh;
			shellScript = "diff \"${PODS_PODFILE_DIR_PATH}/Podfile.lock\" \"${PODS_ROOT}/Manifest.lock\" > /dev/null\nif [ $? != 0 ] ; then\n    # print error to STDERR\n    echo \"error: The sandbox is not in sync with the Podfile.lock. Run 'pod install' or update your CocoaPods installation.\" >&2\n    exit 1\nfi\n# This output is used by Xcode 'outputs' to avoid re-running this script phase.\necho \"SUCCESS\" > \"${SCRIPT_OUTPUT_FILE_0}\"\n";
			showEnvVarsInLog = 0;
		};
		3B1311EDB93A09EBC51BBAD9 /* [CP] Copy Pods Resources */ = {
			isa = PBXShellScriptBuildPhase;
			buildActionMask = 2147483647;
			files = (
			);
			inputFileListPaths = (
				"${PODS_ROOT}/Target Support Files/Pods-SharedPods-ShuttleX_Passenger/Pods-SharedPods-ShuttleX_Passenger-resources-${CONFIGURATION}-input-files.xcfilelist",
			);
			name = "[CP] Copy Pods Resources";
			outputFileListPaths = (
				"${PODS_ROOT}/Target Support Files/Pods-SharedPods-ShuttleX_Passenger/Pods-SharedPods-ShuttleX_Passenger-resources-${CONFIGURATION}-output-files.xcfilelist",
			);
			runOnlyForDeploymentPostprocessing = 0;
			shellPath = /bin/sh;
			shellScript = "\"${PODS_ROOT}/Target Support Files/Pods-SharedPods-ShuttleX_Passenger/Pods-SharedPods-ShuttleX_Passenger-resources.sh\"\n";
			showEnvVarsInLog = 0;
		};
		722705DB74CF1DA72B8257DF /* [CP] Copy Pods Resources */ = {
			isa = PBXShellScriptBuildPhase;
			buildActionMask = 2147483647;
			files = (
			);
			inputFileListPaths = (
				"${PODS_ROOT}/Target Support Files/Pods-SharedPods-ShuttleX_PassengerTests/Pods-SharedPods-ShuttleX_PassengerTests-resources-${CONFIGURATION}-input-files.xcfilelist",
			);
			name = "[CP] Copy Pods Resources";
			outputFileListPaths = (
				"${PODS_ROOT}/Target Support Files/Pods-SharedPods-ShuttleX_PassengerTests/Pods-SharedPods-ShuttleX_PassengerTests-resources-${CONFIGURATION}-output-files.xcfilelist",
			);
			runOnlyForDeploymentPostprocessing = 0;
			shellPath = /bin/sh;
			shellScript = "\"${PODS_ROOT}/Target Support Files/Pods-SharedPods-ShuttleX_PassengerTests/Pods-SharedPods-ShuttleX_PassengerTests-resources.sh\"\n";
			showEnvVarsInLog = 0;
		};
		755DCD9E2C96225300BB9FFE /* [CP] Check Pods Manifest.lock */ = {
			isa = PBXShellScriptBuildPhase;
			buildActionMask = 2147483647;
			files = (
			);
			inputFileListPaths = (
			);
			inputPaths = (
				"${PODS_PODFILE_DIR_PATH}/Podfile.lock",
				"${PODS_ROOT}/Manifest.lock",
			);
			name = "[CP] Check Pods Manifest.lock";
			outputFileListPaths = (
			);
			outputPaths = (
				"$(DERIVED_FILE_DIR)/Pods-SharedPods-ShuttleX_Passenger_dev-checkManifestLockResult.txt",
			);
			runOnlyForDeploymentPostprocessing = 0;
			shellPath = /bin/sh;
			shellScript = "diff \"${PODS_PODFILE_DIR_PATH}/Podfile.lock\" \"${PODS_ROOT}/Manifest.lock\" > /dev/null\nif [ $? != 0 ] ; then\n    # print error to STDERR\n    echo \"error: The sandbox is not in sync with the Podfile.lock. Run 'pod install' or update your CocoaPods installation.\" >&2\n    exit 1\nfi\n# This output is used by Xcode 'outputs' to avoid re-running this script phase.\necho \"SUCCESS\" > \"${SCRIPT_OUTPUT_FILE_0}\"\n";
			showEnvVarsInLog = 0;
		};
		755DCD9F2C96225300BB9FFE /* Start Packager */ = {
			isa = PBXShellScriptBuildPhase;
			buildActionMask = 2147483647;
			files = (
			);
			inputFileListPaths = (
			);
			inputPaths = (
			);
			name = "Start Packager";
			outputFileListPaths = (
			);
			outputPaths = (
			);
			runOnlyForDeploymentPostprocessing = 0;
			shellPath = /bin/sh;
			shellScript = "export RCT_METRO_PORT=\"${RCT_METRO_PORT:=8081}\"\necho \"export RCT_METRO_PORT=${RCT_METRO_PORT}\" > \"${SRCROOT}/../node_modules/react-native/scripts/.packager.env\"\nif [ -z \"${RCT_NO_LAUNCH_PACKAGER+xxx}\" ] ; then\n  if nc -w 5 -z localhost ${RCT_METRO_PORT} ; then\n    if ! curl -s \"http://localhost:${RCT_METRO_PORT}/status\" | grep -q \"packager-status:running\" ; then\n      echo \"Port ${RCT_METRO_PORT} already in use, packager is either not running or not running correctly\"\n      exit 2\n    fi\n  else\n    open \"$SRCROOT/../node_modules/react-native/scripts/launchPackager.command\" || echo \"Can't start packager automatically\"\n  fi\nfi\n";
			showEnvVarsInLog = 0;
		};
		755DCDB22C96225300BB9FFE /* Bundle React Native code and images */ = {
			isa = PBXShellScriptBuildPhase;
			buildActionMask = 2147483647;
			files = (
			);
			inputPaths = (
				"$(SRCROOT)/.xcode.env.local",
				"$(SRCROOT)/.xcode.env",
			);
			name = "Bundle React Native code and images";
			outputPaths = (
			);
			runOnlyForDeploymentPostprocessing = 0;
			shellPath = /bin/sh;
			shellScript = "set -e\n\nWITH_ENVIRONMENT=\"../node_modules/react-native/scripts/xcode/with-environment.sh\"\nREACT_NATIVE_XCODE=\"../node_modules/react-native/scripts/react-native-xcode.sh\"\n\n/bin/sh -c \"$WITH_ENVIRONMENT \\\"/bin/sh ../node_modules/@sentry/react-native/scripts/sentry-xcode.sh $REACT_NATIVE_XCODE\\\"\"\n";
		};
		755DCDB32C96225300BB9FFE /* [CP] Embed Pods Frameworks */ = {
			isa = PBXShellScriptBuildPhase;
			buildActionMask = 2147483647;
			files = (
			);
			inputFileListPaths = (
				"${PODS_ROOT}/Target Support Files/Pods-SharedPods-ShuttleX_Passenger_dev/Pods-SharedPods-ShuttleX_Passenger_dev-frameworks-${CONFIGURATION}-input-files.xcfilelist",
			);
			name = "[CP] Embed Pods Frameworks";
			outputFileListPaths = (
				"${PODS_ROOT}/Target Support Files/Pods-SharedPods-ShuttleX_Passenger_dev/Pods-SharedPods-ShuttleX_Passenger_dev-frameworks-${CONFIGURATION}-output-files.xcfilelist",
			);
			runOnlyForDeploymentPostprocessing = 0;
			shellPath = /bin/sh;
			shellScript = "\"${PODS_ROOT}/Target Support Files/Pods-SharedPods-ShuttleX_Passenger_dev/Pods-SharedPods-ShuttleX_Passenger_dev-frameworks.sh\"\n";
			showEnvVarsInLog = 0;
		};
		755DCDB42C96225300BB9FFE /* [CP] Copy Pods Resources */ = {
			isa = PBXShellScriptBuildPhase;
			buildActionMask = 2147483647;
			files = (
			);
			inputFileListPaths = (
				"${PODS_ROOT}/Target Support Files/Pods-SharedPods-ShuttleX_Passenger_dev/Pods-SharedPods-ShuttleX_Passenger_dev-resources-${CONFIGURATION}-input-files.xcfilelist",
			);
			name = "[CP] Copy Pods Resources";
			outputFileListPaths = (
				"${PODS_ROOT}/Target Support Files/Pods-SharedPods-ShuttleX_Passenger_dev/Pods-SharedPods-ShuttleX_Passenger_dev-resources-${CONFIGURATION}-output-files.xcfilelist",
			);
			runOnlyForDeploymentPostprocessing = 0;
			shellPath = /bin/sh;
			shellScript = "\"${PODS_ROOT}/Target Support Files/Pods-SharedPods-ShuttleX_Passenger_dev/Pods-SharedPods-ShuttleX_Passenger_dev-resources.sh\"\n";
			showEnvVarsInLog = 0;
		};
		75B2C3572D29D01D00FCF397 /* Upload Debug Symbols to Sentry */ = {
			isa = PBXShellScriptBuildPhase;
			buildActionMask = 2147483647;
			files = (
			);
			inputFileListPaths = (
			);
			inputPaths = (
			);
			name = "Upload Debug Symbols to Sentry";
			outputFileListPaths = (
			);
			outputPaths = (
			);
			runOnlyForDeploymentPostprocessing = 0;
			shellPath = /bin/sh;
			shellScript = "/bin/sh ../node_modules/@sentry/react-native/scripts/sentry-xcode-debug-files.sh";
		};
		7CD8F4709E423EE1F25E5F38 /* [CP] Check Pods Manifest.lock */ = {
			isa = PBXShellScriptBuildPhase;
			buildActionMask = 2147483647;
			files = (
			);
			inputFileListPaths = (
			);
			inputPaths = (
				"${PODS_PODFILE_DIR_PATH}/Podfile.lock",
				"${PODS_ROOT}/Manifest.lock",
			);
			name = "[CP] Check Pods Manifest.lock";
			outputFileListPaths = (
			);
			outputPaths = (
				"$(DERIVED_FILE_DIR)/Pods-SharedPods-ShuttleX_Passenger-checkManifestLockResult.txt",
			);
			runOnlyForDeploymentPostprocessing = 0;
			shellPath = /bin/sh;
			shellScript = "diff \"${PODS_PODFILE_DIR_PATH}/Podfile.lock\" \"${PODS_ROOT}/Manifest.lock\" > /dev/null\nif [ $? != 0 ] ; then\n    # print error to STDERR\n    echo \"error: The sandbox is not in sync with the Podfile.lock. Run 'pod install' or update your CocoaPods installation.\" >&2\n    exit 1\nfi\n# This output is used by Xcode 'outputs' to avoid re-running this script phase.\necho \"SUCCESS\" > \"${SCRIPT_OUTPUT_FILE_0}\"\n";
			showEnvVarsInLog = 0;
		};
		92EB3A19E25018DC58BC4601 /* [CP] Embed Pods Frameworks */ = {
			isa = PBXShellScriptBuildPhase;
			buildActionMask = 2147483647;
			files = (
			);
			inputFileListPaths = (
				"${PODS_ROOT}/Target Support Files/Pods-SharedPods-ShuttleX_Passenger/Pods-SharedPods-ShuttleX_Passenger-frameworks-${CONFIGURATION}-input-files.xcfilelist",
			);
			name = "[CP] Embed Pods Frameworks";
			outputFileListPaths = (
				"${PODS_ROOT}/Target Support Files/Pods-SharedPods-ShuttleX_Passenger/Pods-SharedPods-ShuttleX_Passenger-frameworks-${CONFIGURATION}-output-files.xcfilelist",
			);
			runOnlyForDeploymentPostprocessing = 0;
			shellPath = /bin/sh;
			shellScript = "\"${PODS_ROOT}/Target Support Files/Pods-SharedPods-ShuttleX_Passenger/Pods-SharedPods-ShuttleX_Passenger-frameworks.sh\"\n";
			showEnvVarsInLog = 0;
		};
		D39091DCBD00F218B09AEA63 /* [CP] Embed Pods Frameworks */ = {
			isa = PBXShellScriptBuildPhase;
			buildActionMask = 2147483647;
			files = (
			);
			inputFileListPaths = (
				"${PODS_ROOT}/Target Support Files/Pods-SharedPods-ShuttleX_PassengerTests/Pods-SharedPods-ShuttleX_PassengerTests-frameworks-${CONFIGURATION}-input-files.xcfilelist",
			);
			name = "[CP] Embed Pods Frameworks";
			outputFileListPaths = (
				"${PODS_ROOT}/Target Support Files/Pods-SharedPods-ShuttleX_PassengerTests/Pods-SharedPods-ShuttleX_PassengerTests-frameworks-${CONFIGURATION}-output-files.xcfilelist",
			);
			runOnlyForDeploymentPostprocessing = 0;
			shellPath = /bin/sh;
			shellScript = "\"${PODS_ROOT}/Target Support Files/Pods-SharedPods-ShuttleX_PassengerTests/Pods-SharedPods-ShuttleX_PassengerTests-frameworks.sh\"\n";
			showEnvVarsInLog = 0;
		};
		F845C03317C046E790B4E639 /* Upload Debug Symbols to Sentry */ = {
			isa = PBXShellScriptBuildPhase;
			buildActionMask = 2147483647;
			files = (
			);
			inputPaths = (
			);
			name = "Upload Debug Symbols to Sentry";
			outputPaths = (
			);
			runOnlyForDeploymentPostprocessing = 0;
			shellPath = /bin/sh;
			shellScript = "/bin/sh ../node_modules/@sentry/react-native/scripts/sentry-xcode-debug-files.sh";
		};
		FD10A7F022414F080027D42C /* Start Packager */ = {
			isa = PBXShellScriptBuildPhase;
			buildActionMask = 2147483647;
			files = (
			);
			inputFileListPaths = (
			);
			inputPaths = (
			);
			name = "Start Packager";
			outputFileListPaths = (
			);
			outputPaths = (
			);
			runOnlyForDeploymentPostprocessing = 0;
			shellPath = /bin/sh;
			shellScript = "export RCT_METRO_PORT=\"${RCT_METRO_PORT:=8081}\"\necho \"export RCT_METRO_PORT=${RCT_METRO_PORT}\" > \"${SRCROOT}/../node_modules/react-native/scripts/.packager.env\"\nif [ -z \"${RCT_NO_LAUNCH_PACKAGER+xxx}\" ] ; then\n  if nc -w 5 -z localhost ${RCT_METRO_PORT} ; then\n    if ! curl -s \"http://localhost:${RCT_METRO_PORT}/status\" | grep -q \"packager-status:running\" ; then\n      echo \"Port ${RCT_METRO_PORT} already in use, packager is either not running or not running correctly\"\n      exit 2\n    fi\n  else\n    open \"$SRCROOT/../node_modules/react-native/scripts/launchPackager.command\" || echo \"Can't start packager automatically\"\n  fi\nfi\n";
			showEnvVarsInLog = 0;
		};
/* End PBXShellScriptBuildPhase section */

/* Begin PBXSourcesBuildPhase section */
		00E356EA1AD99517003FC87E /* Sources */ = {
			isa = PBXSourcesBuildPhase;
			buildActionMask = 2147483647;
			files = (
				00E356F31AD99517003FC87E /* ShuttleX_PassengerTests.m in Sources */,
			);
			runOnlyForDeploymentPostprocessing = 0;
		};
		13B07F871A680F5B00A75B9A /* Sources */ = {
			isa = PBXSourcesBuildPhase;
			buildActionMask = 2147483647;
			files = (
				13B07FBC1A68108700A75B9A /* AppDelegate.mm in Sources */,
				13B07FC11A68108700A75B9A /* main.m in Sources */,
			);
			runOnlyForDeploymentPostprocessing = 0;
		};
		755DCDA02C96225300BB9FFE /* Sources */ = {
			isa = PBXSourcesBuildPhase;
			buildActionMask = 2147483647;
			files = (
				755DCDA12C96225300BB9FFE /* AppDelegate.mm in Sources */,
				755DCDA22C96225300BB9FFE /* main.m in Sources */,
			);
			runOnlyForDeploymentPostprocessing = 0;
		};
/* End PBXSourcesBuildPhase section */

/* Begin PBXTargetDependency section */
		00E356F51AD99517003FC87E /* PBXTargetDependency */ = {
			isa = PBXTargetDependency;
			target = 13B07F861A680F5B00A75B9A /* ShuttleX_Passenger */;
			targetProxy = 00E356F41AD99517003FC87E /* PBXContainerItemProxy */;
		};
/* End PBXTargetDependency section */

/* Begin XCBuildConfiguration section */
		00E356F61AD99517003FC87E /* Debug */ = {
			isa = XCBuildConfiguration;
			baseConfigurationReference = F85BD9E1A71C631EE9339C42 /* Pods-SharedPods-ShuttleX_PassengerTests.debug.xcconfig */;
			buildSettings = {
				BUNDLE_LOADER = "$(TEST_HOST)";
				GCC_PREPROCESSOR_DEFINITIONS = (
					"DEBUG=1",
					"$(inherited)",
				);
				INFOPLIST_FILE = ShuttleX_PassengerTests/Info.plist;
				IPHONEOS_DEPLOYMENT_TARGET = 12.4;
				LD_RUNPATH_SEARCH_PATHS = (
					"$(inherited)",
					"@executable_path/Frameworks",
					"@loader_path/Frameworks",
				);
				OTHER_LDFLAGS = (
					"-ObjC",
					"-lc++",
					"$(inherited)",
				);
				PRODUCT_BUNDLE_IDENTIFIER = com.shuttlexinc.passenger;
				PRODUCT_NAME = "$(TARGET_NAME)";
				TEST_HOST = "$(BUILT_PRODUCTS_DIR)/ShuttleX_Passenger.app/ShuttleX_Passenger";
			};
			name = Debug;
		};
		00E356F71AD99517003FC87E /* Release */ = {
			isa = XCBuildConfiguration;
			baseConfigurationReference = 9F4E5B6A2D72780440632B2D /* Pods-SharedPods-ShuttleX_PassengerTests.release.xcconfig */;
			buildSettings = {
				BUNDLE_LOADER = "$(TEST_HOST)";
				COPY_PHASE_STRIP = NO;
				INFOPLIST_FILE = ShuttleX_PassengerTests/Info.plist;
				IPHONEOS_DEPLOYMENT_TARGET = 12.4;
				LD_RUNPATH_SEARCH_PATHS = (
					"$(inherited)",
					"@executable_path/Frameworks",
					"@loader_path/Frameworks",
				);
				OTHER_LDFLAGS = (
					"-ObjC",
					"-lc++",
					"$(inherited)",
				);
				PRODUCT_BUNDLE_IDENTIFIER = com.shuttlexinc.passenger;
				PRODUCT_NAME = "$(TARGET_NAME)";
				TEST_HOST = "$(BUILT_PRODUCTS_DIR)/ShuttleX_Passenger.app/ShuttleX_Passenger";
			};
			name = Release;
		};
		13B07F941A680F5B00A75B9A /* Debug */ = {
			isa = XCBuildConfiguration;
			baseConfigurationReference = 0B0FB8CAA46A7BBB5CE7F205 /* Pods-SharedPods-ShuttleX_Passenger.debug.xcconfig */;
			buildSettings = {
				ASSETCATALOG_COMPILER_APPICON_NAME = AppIcon;
				CLANG_ENABLE_MODULES = YES;
				CODE_SIGN_ENTITLEMENTS = ShuttleX_Passenger/ShuttleX_Passenger.entitlements;
				CURRENT_PROJECT_VERSION = 1;
				DEVELOPMENT_TEAM = 7D4K8F5PSQ;
				ENABLE_BITCODE = NO;
				INFOPLIST_FILE = ShuttleX_Passenger/Info.plist;
				LD_RUNPATH_SEARCH_PATHS = (
					"$(inherited)",
					"@executable_path/Frameworks",
				);
				MARKETING_VERSION = 1.0.0;
				OTHER_LDFLAGS = (
					"$(inherited)",
					"-ObjC",
					"-lc++",
				);
				PRODUCT_BUNDLE_IDENTIFIER = com.shuttlexinc.passenger;
				PRODUCT_NAME = ShuttleX_Passenger;
				SWIFT_OPTIMIZATION_LEVEL = "-Onone";
				SWIFT_VERSION = 5.0;
				VERSIONING_SYSTEM = "apple-generic";
			};
			name = Debug;
		};
		13B07F951A680F5B00A75B9A /* Release */ = {
			isa = XCBuildConfiguration;
			baseConfigurationReference = C73DA53E1AF1049EA84D6F6C /* Pods-SharedPods-ShuttleX_Passenger.release.xcconfig */;
			buildSettings = {
				ASSETCATALOG_COMPILER_APPICON_NAME = AppIcon;
				CLANG_ENABLE_MODULES = YES;
				CODE_SIGN_ENTITLEMENTS = ShuttleX_Passenger/ShuttleX_Passenger.entitlements;
				CURRENT_PROJECT_VERSION = 1;
				DEVELOPMENT_TEAM = 7D4K8F5PSQ;
				INFOPLIST_FILE = ShuttleX_Passenger/Info.plist;
				LD_RUNPATH_SEARCH_PATHS = (
					"$(inherited)",
					"@executable_path/Frameworks",
				);
				MARKETING_VERSION = 1.0.0;
				OTHER_LDFLAGS = (
					"$(inherited)",
					"-ObjC",
					"-lc++",
				);
				PRODUCT_BUNDLE_IDENTIFIER = com.shuttlexinc.passenger;
				PRODUCT_NAME = ShuttleX_Passenger;
				SWIFT_VERSION = 5.0;
				VERSIONING_SYSTEM = "apple-generic";
			};
			name = Release;
		};
		755DCDB62C96225300BB9FFE /* Debug */ = {
			isa = XCBuildConfiguration;
			baseConfigurationReference = A05405DB405A792E4D57A2BC /* Pods-SharedPods-ShuttleX_Passenger_dev.debug.xcconfig */;
			buildSettings = {
				ASSETCATALOG_COMPILER_APPICON_NAME = AppIcon;
				CLANG_ENABLE_MODULES = YES;
				CODE_SIGN_ENTITLEMENTS = ShuttleX_Passenger_dev.entitlements;
				CURRENT_PROJECT_VERSION = 1;
				DEVELOPMENT_TEAM = 7D4K8F5PSQ;
				ENABLE_BITCODE = NO;
				INFOPLIST_FILE = ShuttleX_Passenger_dev.plist;
				LD_RUNPATH_SEARCH_PATHS = (
					"$(inherited)",
					"@executable_path/Frameworks",
				);
				MARKETING_VERSION = 1.0.0;
				OTHER_LDFLAGS = (
					"$(inherited)",
					"-ObjC",
					"-lc++",
				);
				PRODUCT_BUNDLE_IDENTIFIER = com.shuttlexinc.passenger.dev;
				PRODUCT_NAME = "$(TARGET_NAME)";
				SWIFT_OPTIMIZATION_LEVEL = "-Onone";
				SWIFT_VERSION = 5.0;
				VERSIONING_SYSTEM = "apple-generic";
			};
			name = Debug;
		};
		755DCDB72C96225300BB9FFE /* Release */ = {
			isa = XCBuildConfiguration;
			baseConfigurationReference = A7C2C0515B33B06838966F5A /* Pods-SharedPods-ShuttleX_Passenger_dev.release.xcconfig */;
			buildSettings = {
				ASSETCATALOG_COMPILER_APPICON_NAME = AppIcon;
				CLANG_ENABLE_MODULES = YES;
				CODE_SIGN_ENTITLEMENTS = ShuttleX_Passenger_dev.entitlements;
				CURRENT_PROJECT_VERSION = 1;
				DEVELOPMENT_TEAM = 7D4K8F5PSQ;
				INFOPLIST_FILE = ShuttleX_Passenger_dev.plist;
				LD_RUNPATH_SEARCH_PATHS = (
					"$(inherited)",
					"@executable_path/Frameworks",
				);
				MARKETING_VERSION = 1.0.0;
				OTHER_LDFLAGS = (
					"$(inherited)",
					"-ObjC",
					"-lc++",
				);
				PRODUCT_BUNDLE_IDENTIFIER = com.shuttlexinc.passenger.dev;
				PRODUCT_NAME = "$(TARGET_NAME)";
				SWIFT_VERSION = 5.0;
				VERSIONING_SYSTEM = "apple-generic";
			};
			name = Release;
		};
		83CBBA201A601CBA00E9B192 /* Debug */ = {
			isa = XCBuildConfiguration;
			buildSettings = {
				ALWAYS_SEARCH_USER_PATHS = NO;
				CLANG_ANALYZER_LOCALIZABILITY_NONLOCALIZED = YES;
				CLANG_CXX_LANGUAGE_STANDARD = "c++17";
				CLANG_CXX_LIBRARY = "libc++";
				CLANG_ENABLE_MODULES = YES;
				CLANG_ENABLE_OBJC_ARC = YES;
				CLANG_WARN_BLOCK_CAPTURE_AUTORELEASING = YES;
				CLANG_WARN_BOOL_CONVERSION = YES;
				CLANG_WARN_COMMA = YES;
				CLANG_WARN_CONSTANT_CONVERSION = YES;
				CLANG_WARN_DEPRECATED_OBJC_IMPLEMENTATIONS = YES;
				CLANG_WARN_DIRECT_OBJC_ISA_USAGE = YES_ERROR;
				CLANG_WARN_EMPTY_BODY = YES;
				CLANG_WARN_ENUM_CONVERSION = YES;
				CLANG_WARN_INFINITE_RECURSION = YES;
				CLANG_WARN_INT_CONVERSION = YES;
				CLANG_WARN_NON_LITERAL_NULL_CONVERSION = YES;
				CLANG_WARN_OBJC_IMPLICIT_RETAIN_SELF = YES;
				CLANG_WARN_OBJC_LITERAL_CONVERSION = YES;
				CLANG_WARN_OBJC_ROOT_CLASS = YES_ERROR;
				CLANG_WARN_QUOTED_INCLUDE_IN_FRAMEWORK_HEADER = YES;
				CLANG_WARN_RANGE_LOOP_ANALYSIS = YES;
				CLANG_WARN_STRICT_PROTOTYPES = YES;
				CLANG_WARN_SUSPICIOUS_MOVE = YES;
				CLANG_WARN_UNREACHABLE_CODE = YES;
				CLANG_WARN__DUPLICATE_METHOD_MATCH = YES;
				"CODE_SIGN_IDENTITY[sdk=iphoneos*]" = "iPhone Developer";
				COPY_PHASE_STRIP = NO;
				ENABLE_STRICT_OBJC_MSGSEND = YES;
				ENABLE_TESTABILITY = YES;
				"EXCLUDED_ARCHS[sdk=iphonesimulator*]" = i386;
				GCC_C_LANGUAGE_STANDARD = gnu99;
				GCC_DYNAMIC_NO_PIC = NO;
				GCC_NO_COMMON_BLOCKS = YES;
				GCC_OPTIMIZATION_LEVEL = 0;
				GCC_PREPROCESSOR_DEFINITIONS = (
					"DEBUG=1",
					"$(inherited)",
					_LIBCPP_ENABLE_CXX17_REMOVED_UNARY_BINARY_FUNCTION,
				);
				GCC_SYMBOLS_PRIVATE_EXTERN = NO;
				GCC_WARN_64_TO_32_BIT_CONVERSION = YES;
				GCC_WARN_ABOUT_RETURN_TYPE = YES_ERROR;
				GCC_WARN_UNDECLARED_SELECTOR = YES;
				GCC_WARN_UNINITIALIZED_AUTOS = YES_AGGRESSIVE;
				GCC_WARN_UNUSED_FUNCTION = YES;
				GCC_WARN_UNUSED_VARIABLE = YES;
				HEADER_SEARCH_PATHS = (
					"$(inherited)",
					"${PODS_CONFIGURATION_BUILD_DIR}/ReactCommon-Samples/ReactCommon_Samples.framework/Headers",
					"${PODS_CONFIGURATION_BUILD_DIR}/ReactCommon/ReactCommon.framework/Headers/react/nativemodule/core",
					"${PODS_CONFIGURATION_BUILD_DIR}/ReactCommon-Samples/ReactCommon_Samples.framework/Headers/platform/ios",
					"${PODS_CONFIGURATION_BUILD_DIR}/React-NativeModulesApple/React_NativeModulesApple.framework/Headers",
					"${PODS_CONFIGURATION_BUILD_DIR}/React-graphics/React_graphics.framework/Headers/react/renderer/graphics/platform/ios",
				);
				IPHONEOS_DEPLOYMENT_TARGET = 12.4;
				LD_RUNPATH_SEARCH_PATHS = (
					/usr/lib/swift,
					"$(inherited)",
				);
				LIBRARY_SEARCH_PATHS = (
					"\"$(SDKROOT)/usr/lib/swift\"",
					"\"$(TOOLCHAIN_DIR)/usr/lib/swift/$(PLATFORM_NAME)\"",
					"\"$(inherited)\"",
				);
				MTL_ENABLE_DEBUG_INFO = YES;
				ONLY_ACTIVE_ARCH = YES;
				OTHER_CFLAGS = "$(inherited)";
				OTHER_CPLUSPLUSFLAGS = (
					"$(OTHER_CFLAGS)",
					"-DFOLLY_NO_CONFIG",
					"-DFOLLY_MOBILE=1",
					"-DFOLLY_USE_LIBCPP=1",
				);
				OTHER_LDFLAGS = "$(inherited)";
				REACT_NATIVE_PATH = "${PODS_ROOT}/../../node_modules/react-native";
				SDKROOT = iphoneos;
			};
			name = Debug;
		};
		83CBBA211A601CBA00E9B192 /* Release */ = {
			isa = XCBuildConfiguration;
			buildSettings = {
				ALWAYS_SEARCH_USER_PATHS = NO;
				CLANG_ANALYZER_LOCALIZABILITY_NONLOCALIZED = YES;
				CLANG_CXX_LANGUAGE_STANDARD = "c++17";
				CLANG_CXX_LIBRARY = "libc++";
				CLANG_ENABLE_MODULES = YES;
				CLANG_ENABLE_OBJC_ARC = YES;
				CLANG_WARN_BLOCK_CAPTURE_AUTORELEASING = YES;
				CLANG_WARN_BOOL_CONVERSION = YES;
				CLANG_WARN_COMMA = YES;
				CLANG_WARN_CONSTANT_CONVERSION = YES;
				CLANG_WARN_DEPRECATED_OBJC_IMPLEMENTATIONS = YES;
				CLANG_WARN_DIRECT_OBJC_ISA_USAGE = YES_ERROR;
				CLANG_WARN_EMPTY_BODY = YES;
				CLANG_WARN_ENUM_CONVERSION = YES;
				CLANG_WARN_INFINITE_RECURSION = YES;
				CLANG_WARN_INT_CONVERSION = YES;
				CLANG_WARN_NON_LITERAL_NULL_CONVERSION = YES;
				CLANG_WARN_OBJC_IMPLICIT_RETAIN_SELF = YES;
				CLANG_WARN_OBJC_LITERAL_CONVERSION = YES;
				CLANG_WARN_OBJC_ROOT_CLASS = YES_ERROR;
				CLANG_WARN_QUOTED_INCLUDE_IN_FRAMEWORK_HEADER = YES;
				CLANG_WARN_RANGE_LOOP_ANALYSIS = YES;
				CLANG_WARN_STRICT_PROTOTYPES = YES;
				CLANG_WARN_SUSPICIOUS_MOVE = YES;
				CLANG_WARN_UNREACHABLE_CODE = YES;
				CLANG_WARN__DUPLICATE_METHOD_MATCH = YES;
				"CODE_SIGN_IDENTITY[sdk=iphoneos*]" = "iPhone Developer";
				COPY_PHASE_STRIP = YES;
				ENABLE_NS_ASSERTIONS = NO;
				ENABLE_STRICT_OBJC_MSGSEND = YES;
				"EXCLUDED_ARCHS[sdk=iphonesimulator*]" = i386;
				GCC_C_LANGUAGE_STANDARD = gnu99;
				GCC_NO_COMMON_BLOCKS = YES;
				GCC_PREPROCESSOR_DEFINITIONS = (
					"$(inherited)",
					_LIBCPP_ENABLE_CXX17_REMOVED_UNARY_BINARY_FUNCTION,
				);
				GCC_WARN_64_TO_32_BIT_CONVERSION = YES;
				GCC_WARN_ABOUT_RETURN_TYPE = YES_ERROR;
				GCC_WARN_UNDECLARED_SELECTOR = YES;
				GCC_WARN_UNINITIALIZED_AUTOS = YES_AGGRESSIVE;
				GCC_WARN_UNUSED_FUNCTION = YES;
				GCC_WARN_UNUSED_VARIABLE = YES;
				HEADER_SEARCH_PATHS = (
					"$(inherited)",
					"${PODS_CONFIGURATION_BUILD_DIR}/ReactCommon-Samples/ReactCommon_Samples.framework/Headers",
					"${PODS_CONFIGURATION_BUILD_DIR}/ReactCommon/ReactCommon.framework/Headers/react/nativemodule/core",
					"${PODS_CONFIGURATION_BUILD_DIR}/ReactCommon-Samples/ReactCommon_Samples.framework/Headers/platform/ios",
					"${PODS_CONFIGURATION_BUILD_DIR}/React-NativeModulesApple/React_NativeModulesApple.framework/Headers",
					"${PODS_CONFIGURATION_BUILD_DIR}/React-graphics/React_graphics.framework/Headers/react/renderer/graphics/platform/ios",
				);
				IPHONEOS_DEPLOYMENT_TARGET = 12.4;
				LD_RUNPATH_SEARCH_PATHS = (
					/usr/lib/swift,
					"$(inherited)",
				);
				LIBRARY_SEARCH_PATHS = (
					"\"$(SDKROOT)/usr/lib/swift\"",
					"\"$(TOOLCHAIN_DIR)/usr/lib/swift/$(PLATFORM_NAME)\"",
					"\"$(inherited)\"",
				);
				MTL_ENABLE_DEBUG_INFO = NO;
				OTHER_CFLAGS = "$(inherited)";
				OTHER_CPLUSPLUSFLAGS = (
					"$(OTHER_CFLAGS)",
					"-DFOLLY_NO_CONFIG",
					"-DFOLLY_MOBILE=1",
					"-DFOLLY_USE_LIBCPP=1",
				);
				OTHER_LDFLAGS = "$(inherited)";
				REACT_NATIVE_PATH = "${PODS_ROOT}/../../node_modules/react-native";
				SDKROOT = iphoneos;
				VALIDATE_PRODUCT = YES;
			};
			name = Release;
		};
/* End XCBuildConfiguration section */

/* Begin XCConfigurationList section */
		00E357021AD99517003FC87E /* Build configuration list for PBXNativeTarget "ShuttleX_PassengerTests" */ = {
			isa = XCConfigurationList;
			buildConfigurations = (
				00E356F61AD99517003FC87E /* Debug */,
				00E356F71AD99517003FC87E /* Release */,
			);
			defaultConfigurationIsVisible = 0;
			defaultConfigurationName = Release;
		};
		13B07F931A680F5B00A75B9A /* Build configuration list for PBXNativeTarget "ShuttleX_Passenger" */ = {
			isa = XCConfigurationList;
			buildConfigurations = (
				13B07F941A680F5B00A75B9A /* Debug */,
				13B07F951A680F5B00A75B9A /* Release */,
			);
			defaultConfigurationIsVisible = 0;
			defaultConfigurationName = Release;
		};
		755DCDB52C96225300BB9FFE /* Build configuration list for PBXNativeTarget "ShuttleX_Passenger_dev" */ = {
			isa = XCConfigurationList;
			buildConfigurations = (
				755DCDB62C96225300BB9FFE /* Debug */,
				755DCDB72C96225300BB9FFE /* Release */,
			);
			defaultConfigurationIsVisible = 0;
			defaultConfigurationName = Release;
		};
		83CBB9FA1A601CBA00E9B192 /* Build configuration list for PBXProject "ShuttleX_Passenger" */ = {
			isa = XCConfigurationList;
			buildConfigurations = (
				83CBBA201A601CBA00E9B192 /* Debug */,
				83CBBA211A601CBA00E9B192 /* Release */,
			);
			defaultConfigurationIsVisible = 0;
			defaultConfigurationName = Release;
		};
/* End XCConfigurationList section */
	};
	rootObject = 83CBB9F71A601CBA00E9B192 /* Project object */;
}
